
Microsoft Visual Studio Solution File, Format Version 12.00
# Visual Studio Version 17
VisualStudioVersion = 17.5.002.0
MinimumVisualStudioVersion = 10.0.40219.1
Project("{9A19103F-16F7-4668-BE54-9A1E7A4F7556}") = "Keepr_Remastered", "server\Keepr_Remastered.csproj", "{08F91761-F530-43F5-BD4D-C12BCB4E2F6D}"
EndProject
Global
	GlobalSection(SolutionConfigurationPlatforms) = preSolution
		Debug|Any CPU = Debug|Any CPU
		Release|Any CPU = Release|Any CPU
	EndGlobalSection
	GlobalSection(ProjectConfigurationPlatforms) = postSolution
		{08F91761-F530-43F5-BD4D-C12BCB4E2F6D}.Debug|Any CPU.ActiveCfg = Debug|Any CPU
		{08F91761-F530-43F5-BD4D-C12BCB4E2F6D}.Debug|Any CPU.Build.0 = Debug|Any CPU
		{08F91761-F530-43F5-BD4D-C12BCB4E2F6D}.Release|Any CPU.ActiveCfg = Release|Any CPU
		{08F91761-F530-43F5-BD4D-C12BCB4E2F6D}.Release|Any CPU.Build.0 = Release|Any CPU
	EndGlobalSection
	GlobalSection(SolutionProperties) = preSolution
		HideSolutionNode = FALSE
	EndGlobalSection
	GlobalSection(ExtensibilityGlobals) = postSolution
		SolutionGuid = {889ED369-A6E2-496B-9C61-49EC5E796EC4}
	EndGlobalSection
EndGlobal
